
Microsoft Visual Studio Solution File, Format Version 12.00
# Visual Studio 14
VisualStudioVersion = 14.0.25420.1
MinimumVisualStudioVersion = 10.0.40219.1
Project("{FAE04EC0-301F-11D3-BF4B-00C04F79EFBC}") = "ConsoleApplication3", "ConsoleApplication3\ConsoleApplication3.csproj", "{EC0D39D5-1808-400C-9F24-320DCA189001}"
EndProject
Project("{FAE04EC0-301F-11D3-BF4B-00C04F79EFBC}") = "UnitTestProject1", "UnitTestProject1\UnitTestProject1.csproj", "{66B5A018-528E-48EB-A6B8-D55043D91AB3}"
EndProject
Global
	GlobalSection(SolutionConfigurationPlatforms) = preSolution
		Debug|Any CPU = Debug|Any CPU
		Release|Any CPU = Release|Any CPU
	EndGlobalSection
	GlobalSection(ProjectConfigurationPlatforms) = postSolution
		{EC0D39D5-1808-400C-9F24-320DCA189001}.Debug|Any CPU.ActiveCfg = Debug|Any CPU
		{EC0D39D5-1808-400C-9F24-320DCA189001}.Debug|Any CPU.Build.0 = Debug|Any CPU
		{EC0D39D5-1808-400C-9F24-320DCA189001}.Release|Any CPU.ActiveCfg = Release|Any CPU
		{EC0D39D5-1808-400C-9F24-320DCA189001}.Release|Any CPU.Build.0 = Release|Any CPU
		{66B5A018-528E-48EB-A6B8-D55043D91AB3}.Debug|Any CPU.ActiveCfg = Debug|Any CPU
		{66B5A018-528E-48EB-A6B8-D55043D91AB3}.Debug|Any CPU.Build.0 = Debug|Any CPU
		{66B5A018-528E-48EB-A6B8-D55043D91AB3}.Release|Any CPU.ActiveCfg = Release|Any CPU
		{66B5A018-528E-48EB-A6B8-D55043D91AB3}.Release|Any CPU.Build.0 = Release|Any CPU
	EndGlobalSection
	GlobalSection(SolutionProperties) = preSolution
		HideSolutionNode = FALSE
	EndGlobalSection
EndGlobal
